
Microsoft Visual Studio Solution File, Format Version 12.00
# Visual Studio Version 17
VisualStudioVersion = 17.6.33829.357
MinimumVisualStudioVersion = 10.0.40219.1
Project("{FAE04EC0-301F-11D3-BF4B-00C04F79EFBC}") = "ConvertNumericToWords", "ConvertNumericToWords.csproj", "{B982BF33-BB61-4715-B91D-11745077664F}"
EndProject
Project("{FAE04EC0-301F-11D3-BF4B-00C04F79EFBC}") = "ConvertNumericToWords.Test", "..\ConvertNumericToWords.Test\ConvertNumericToWords.Test.csproj", "{40A48887-F720-4313-B2B0-14B19A0F23A8}"
EndProject
Global
	GlobalSection(SolutionConfigurationPlatforms) = preSolution
		Debug|Any CPU = Debug|Any CPU
		Release|Any CPU = Release|Any CPU
	EndGlobalSection
	GlobalSection(ProjectConfigurationPlatforms) = postSolution
		{B982BF33-BB61-4715-B91D-11745077664F}.Debug|Any CPU.ActiveCfg = Debug|Any CPU
		{B982BF33-BB61-4715-B91D-11745077664F}.Debug|Any CPU.Build.0 = Debug|Any CPU
		{B982BF33-BB61-4715-B91D-11745077664F}.Release|Any CPU.ActiveCfg = Release|Any CPU
		{B982BF33-BB61-4715-B91D-11745077664F}.Release|Any CPU.Build.0 = Release|Any CPU
		{40A48887-F720-4313-B2B0-14B19A0F23A8}.Debug|Any CPU.ActiveCfg = Debug|Any CPU
		{40A48887-F720-4313-B2B0-14B19A0F23A8}.Debug|Any CPU.Build.0 = Debug|Any CPU
		{40A48887-F720-4313-B2B0-14B19A0F23A8}.Release|Any CPU.ActiveCfg = Release|Any CPU
		{40A48887-F720-4313-B2B0-14B19A0F23A8}.Release|Any CPU.Build.0 = Release|Any CPU
	EndGlobalSection
	GlobalSection(SolutionProperties) = preSolution
		HideSolutionNode = FALSE
	EndGlobalSection
	GlobalSection(ExtensibilityGlobals) = postSolution
		SolutionGuid = {B306CCE3-5B32-441F-B55C-FC32E2AFF3FE}
	EndGlobalSection
EndGlobal
